
Microsoft Visual Studio Solution File, Format Version 12.00
# Visual Studio 2013
VisualStudioVersion = 12.0.31101.0
MinimumVisualStudioVersion = 10.0.40219.1
Project("{FAE04EC0-301F-11D3-BF4B-00C04F79EFBC}") = "MinionWCFService", "MinionService\MinionWCFService.csproj", "{EE35828D-AA86-4C74-95C3-5EEF8DB29203}"
EndProject
Project("{FAE04EC0-301F-11D3-BF4B-00C04F79EFBC}") = "MothershipWinService", "MinionWService\MothershipWinService.csproj", "{0ACF5CE1-B0D9-40C2-9A2C-A5D091251190}"
EndProject
Project("{FAE04EC0-301F-11D3-BF4B-00C04F79EFBC}") = "TesterApp", "TesterApp\TesterApp.csproj", "{78BFF0AE-808F-4ADC-86F0-1DA4A006E2D2}"
	ProjectSection(ProjectDependencies) = postProject
		{EE35828D-AA86-4C74-95C3-5EEF8DB29203} = {EE35828D-AA86-4C74-95C3-5EEF8DB29203}
	EndProjectSection
EndProject
Global
	GlobalSection(SolutionConfigurationPlatforms) = preSolution
		Debug|Any CPU = Debug|Any CPU
		Release|Any CPU = Release|Any CPU
	EndGlobalSection
	GlobalSection(ProjectConfigurationPlatforms) = postSolution
		{EE35828D-AA86-4C74-95C3-5EEF8DB29203}.Debug|Any CPU.ActiveCfg = Debug|Any CPU
		{EE35828D-AA86-4C74-95C3-5EEF8DB29203}.Debug|Any CPU.Build.0 = Debug|Any CPU
		{EE35828D-AA86-4C74-95C3-5EEF8DB29203}.Release|Any CPU.ActiveCfg = Release|Any CPU
		{EE35828D-AA86-4C74-95C3-5EEF8DB29203}.Release|Any CPU.Build.0 = Release|Any CPU
		{0ACF5CE1-B0D9-40C2-9A2C-A5D091251190}.Debug|Any CPU.ActiveCfg = Debug|Any CPU
		{0ACF5CE1-B0D9-40C2-9A2C-A5D091251190}.Debug|Any CPU.Build.0 = Debug|Any CPU
		{0ACF5CE1-B0D9-40C2-9A2C-A5D091251190}.Release|Any CPU.ActiveCfg = Release|Any CPU
		{0ACF5CE1-B0D9-40C2-9A2C-A5D091251190}.Release|Any CPU.Build.0 = Release|Any CPU
		{78BFF0AE-808F-4ADC-86F0-1DA4A006E2D2}.Debug|Any CPU.ActiveCfg = Debug|Any CPU
		{78BFF0AE-808F-4ADC-86F0-1DA4A006E2D2}.Debug|Any CPU.Build.0 = Debug|Any CPU
		{78BFF0AE-808F-4ADC-86F0-1DA4A006E2D2}.Release|Any CPU.ActiveCfg = Release|Any CPU
		{78BFF0AE-808F-4ADC-86F0-1DA4A006E2D2}.Release|Any CPU.Build.0 = Release|Any CPU
	EndGlobalSection
	GlobalSection(SolutionProperties) = preSolution
		HideSolutionNode = FALSE
	EndGlobalSection
EndGlobal
